
Microsoft Visual Studio Solution File, Format Version 12.00
# Visual Studio Version 17
VisualStudioVersion = 17.14.36915.13 d17.14
MinimumVisualStudioVersion = 10.0.40219.1
Project("{8BC9CEB8-8B4A-11D0-8D11-00A0C91BC942}") = "26.03.16", "26.03.16\26.03.16.vcxproj", "{433A53F5-A049-4D13-B182-9E673B9061DC}"
EndProject
Global
	GlobalSection(SolutionConfigurationPlatforms) = preSolution
		Debug|x64 = Debug|x64
		Debug|x86 = Debug|x86
		Release|x64 = Release|x64
		Release|x86 = Release|x86
	EndGlobalSection
	GlobalSection(ProjectConfigurationPlatforms) = postSolution
		{433A53F5-A049-4D13-B182-9E673B9061DC}.Debug|x64.ActiveCfg = Debug|x64
		{433A53F5-A049-4D13-B182-9E673B9061DC}.Debug|x64.Build.0 = Debug|x64
		{433A53F5-A049-4D13-B182-9E673B9061DC}.Debug|x86.ActiveCfg = Debug|Win32
		{433A53F5-A049-4D13-B182-9E673B9061DC}.Debug|x86.Build.0 = Debug|Win32
		{433A53F5-A049-4D13-B182-9E673B9061DC}.Release|x64.ActiveCfg = Release|x64
		{433A53F5-A049-4D13-B182-9E673B9061DC}.Release|x64.Build.0 = Release|x64
		{433A53F5-A049-4D13-B182-9E673B9061DC}.Release|x86.ActiveCfg = Release|Win32
		{433A53F5-A049-4D13-B182-9E673B9061DC}.Release|x86.Build.0 = Release|Win32
	EndGlobalSection
	GlobalSection(SolutionProperties) = preSolution
		HideSolutionNode = FALSE
	EndGlobalSection
	GlobalSection(ExtensibilityGlobals) = postSolution
		SolutionGuid = {58880844-7A46-4B4E-AB7D-0E4B540B3924}
	EndGlobalSection
EndGlobal
